
Microsoft Visual Studio Solution File, Format Version 12.00
# Visual Studio Version 17
VisualStudioVersion = 17.4.33213.308
MinimumVisualStudioVersion = 10.0.40219.1
Project("{FAE04EC0-301F-11D3-BF4B-00C04F79EFBC}") = "FillterDemo", "FillterDemo\FillterDemo.csproj", "{79C516B5-C8D4-44AC-B82B-475EECAD5CA8}"
EndProject
Global
	GlobalSection(SolutionConfigurationPlatforms) = preSolution
		Debug|Any CPU = Debug|Any CPU
		Release|Any CPU = Release|Any CPU
	EndGlobalSection
	GlobalSection(ProjectConfigurationPlatforms) = postSolution
		{79C516B5-C8D4-44AC-B82B-475EECAD5CA8}.Debug|Any CPU.ActiveCfg = Debug|Any CPU
		{79C516B5-C8D4-44AC-B82B-475EECAD5CA8}.Debug|Any CPU.Build.0 = Debug|Any CPU
		{79C516B5-C8D4-44AC-B82B-475EECAD5CA8}.Release|Any CPU.ActiveCfg = Release|Any CPU
		{79C516B5-C8D4-44AC-B82B-475EECAD5CA8}.Release|Any CPU.Build.0 = Release|Any CPU
	EndGlobalSection
	GlobalSection(SolutionProperties) = preSolution
		HideSolutionNode = FALSE
	EndGlobalSection
	GlobalSection(ExtensibilityGlobals) = postSolution
		SolutionGuid = {858AED77-33F8-4427-90E1-264E8F8143AA}
	EndGlobalSection
EndGlobal
